
Microsoft Visual Studio Solution File, Format Version 12.00
# Visual Studio Version 17
VisualStudioVersion = 17.9.34902.65
MinimumVisualStudioVersion = 10.0.40219.1
Project("{FAE04EC0-301F-11D3-BF4B-00C04F79EFBC}") = "BioTickets", "BioTickets\BioTickets.csproj", "{78383E88-C2F0-4AA8-A96C-DDDE91076C79}"
EndProject
Global
	GlobalSection(SolutionConfigurationPlatforms) = preSolution
		Debug|Any CPU = Debug|Any CPU
		Release|Any CPU = Release|Any CPU
	EndGlobalSection
	GlobalSection(ProjectConfigurationPlatforms) = postSolution
		{78383E88-C2F0-4AA8-A96C-DDDE91076C79}.Debug|Any CPU.ActiveCfg = Debug|Any CPU
		{78383E88-C2F0-4AA8-A96C-DDDE91076C79}.Debug|Any CPU.Build.0 = Debug|Any CPU
		{78383E88-C2F0-4AA8-A96C-DDDE91076C79}.Release|Any CPU.ActiveCfg = Release|Any CPU
		{78383E88-C2F0-4AA8-A96C-DDDE91076C79}.Release|Any CPU.Build.0 = Release|Any CPU
	EndGlobalSection
	GlobalSection(SolutionProperties) = preSolution
		HideSolutionNode = FALSE
	EndGlobalSection
	GlobalSection(ExtensibilityGlobals) = postSolution
		SolutionGuid = {6C3ADD4A-4328-4CCA-89A4-FA0ED074DE9F}
	EndGlobalSection
EndGlobal
